
Microsoft Visual Studio Solution File, Format Version 12.00
# Visual Studio Version 16
VisualStudioVersion = 16.0.29418.71
MinimumVisualStudioVersion = 10.0.40219.1
Project("{9A19103F-16F7-4668-BE54-9A1E7A4F7556}") = "SIMD_PlayGround", "SIMD_PlayGround\SIMD_PlayGround.csproj", "{C246CF99-5D3A-4162-8E03-9048A83A2F63}"
EndProject
Global
	GlobalSection(SolutionConfigurationPlatforms) = preSolution
		Debug|Any CPU = Debug|Any CPU
		Debug|x64 = Debug|x64
		Release|Any CPU = Release|Any CPU
		Release|x64 = Release|x64
	EndGlobalSection
	GlobalSection(ProjectConfigurationPlatforms) = postSolution
		{C246CF99-5D3A-4162-8E03-9048A83A2F63}.Debug|Any CPU.ActiveCfg = Debug|Any CPU
		{C246CF99-5D3A-4162-8E03-9048A83A2F63}.Debug|Any CPU.Build.0 = Debug|Any CPU
		{C246CF99-5D3A-4162-8E03-9048A83A2F63}.Debug|x64.ActiveCfg = Debug|x64
		{C246CF99-5D3A-4162-8E03-9048A83A2F63}.Debug|x64.Build.0 = Debug|x64
		{C246CF99-5D3A-4162-8E03-9048A83A2F63}.Release|Any CPU.ActiveCfg = Release|Any CPU
		{C246CF99-5D3A-4162-8E03-9048A83A2F63}.Release|Any CPU.Build.0 = Release|Any CPU
		{C246CF99-5D3A-4162-8E03-9048A83A2F63}.Release|x64.ActiveCfg = Release|x64
		{C246CF99-5D3A-4162-8E03-9048A83A2F63}.Release|x64.Build.0 = Release|x64
	EndGlobalSection
	GlobalSection(SolutionProperties) = preSolution
		HideSolutionNode = FALSE
	EndGlobalSection
	GlobalSection(ExtensibilityGlobals) = postSolution
		SolutionGuid = {A6DA17AD-1590-4A60-989A-AD3A29C5B790}
	EndGlobalSection
EndGlobal
